# THIS IS AN AUTOGENERATED FILE. DO NOT EDIT THIS FILE DIRECTLY.
# yarn lockfile v1


promise-polyfill@^8.1.0:
  version "8.1.0"
  resolved "https://registry.npm.taobao.org/promise-polyfill/download/promise-polyfill-8.1.0.tgz#30059da54d1358ce905ac581f287e184aedf995d"
  integrity sha1-MAWdpU0TWM6QWsWB8ofhhK7fmV0=
